PODS:
  - Alamofire (4.8.2)
  - SignalRSwift (2.1.2):
    - Alamofire (= 4.8.2)
    - Starscream (= 3.1.0)
  - Starscream (3.1.0)

DEPENDENCIES:
  - SignalRSwift (from `https://github.com/10pearls/SignalR-Swift.git`, tag `2.1.2`)

SPEC REPOS:
  trunk:
    - Alamofire
    - Starscream

EXTERNAL SOURCES:
  SignalRSwift:
    :git: https://github.com/10pearls/SignalR-Swift.git
    :tag: 2.1.2

CHECKOUT OPTIONS:
  SignalRSwift:
    :git: https://github.com/10pearls/SignalR-Swift.git
    :tag: 2.1.2

SPEC CHECKSUMS:
  Alamofire: ae5c501addb7afdbb13687d7f2f722c78734c2d3
  SignalRSwift: 9501652c3ba9a902b129996a8f7ddfa6b3f4cf5c
  Starscream: 08172b481e145289c4930cb567230fb55897cfa4

PODFILE CHECKSUM: 16d128167500e4100d64f176c33936346a1713c1

COCOAPODS: 1.10.1
